// !$*UTF8*$!
{
	archiveVersion = 1;
	classes = {
	};
	objectVersion = 50;
	objects = {

/* Begin PBXBuildFile section */
		9810CFAC2680D6B2005B0CCF /* ViewControllerthree.swift in Sources */ = {isa = PBXBuildFile; fileRef = 9810CFAB2680D6B2005B0CCF /* ViewControllerthree.swift */; };
		9836FCB82675E5AF00E2A0BE /* AppDelegate.swift in Sources */ = {isa = PBXBuildFile; fileRef = 9836FCB72675E5AF00E2A0BE /* AppDelegate.swift */; };
		9836FCBA2675E5AF00E2A0BE /* SceneDelegate.swift in Sources */ = {isa = PBXBuildFile; fileRef = 9836FCB92675E5AF00E2A0BE /* SceneDelegate.swift */; };
		9836FCBC2675E5AF00E2A0BE /* ViewController.swift in Sources */ = {isa = PBXBuildFile; fileRef = 9836FCBB2675E5AF00E2A0BE /* ViewController.swift */; };
		9836FCBF2675E5AF00E2A0BE /* Main.storyboard in Resources */ = {isa = PBXBuildFile; fileRef = 9836FCBD2675E5AF00E2A0BE /* Main.storyboard */; };
		9836FCC12675E5B100E2A0BE /* Assets.xcassets in Resources */ = {isa = PBXBuildFile; fileRef = 9836FCC02675E5B100E2A0BE /* Assets.xcassets */; };
		9836FCC42675E5B100E2A0BE /* LaunchScreen.storyboard in Resources */ = {isa = PBXBuildFile; fileRef = 9836FCC22675E5B100E2A0BE /* LaunchScreen.storyboard */; };
		9836FCD0267EF7AF00E2A0BE /* ViewControllerEnum.swift in Sources */ = {isa = PBXBuildFile; fileRef = 9836FCCF267EF7AF00E2A0BE /* ViewControllerEnum.swift */; };
		98550AEB2681812000C2C9E0 /* file1.swift in Sources */ = {isa = PBXBuildFile; fileRef = 98550AEA2681812000C2C9E0 /* file1.swift */; };
		98550AED2681825A00C2C9E0 /* file2.swift in Sources */ = {isa = PBXBuildFile; fileRef = 98550AEC2681825A00C2C9E0 /* file2.swift */; };
		98550AEF26818BF800C2C9E0 /* GenericsViewController.swift in Sources */ = {isa = PBXBuildFile; fileRef = 98550AEE26818BF800C2C9E0 /* GenericsViewController.swift */; };
		98550AF12682589D00C2C9E0 /* ViewControllertwo.swift in Sources */ = {isa = PBXBuildFile; fileRef = 98550AF02682589D00C2C9E0 /* ViewControllertwo.swift */; };
/* End PBXBuildFile section */

/* Begin PBXFileReference section */
		9810CFAB2680D6B2005B0CCF /* ViewControllerthree.swift */ = {isa = PBXFileReference; lastKnownFileType = sourcecode.swift; path = ViewControllerthree.swift; sourceTree = "<group>"; };
		9836FCB42675E5AF00E2A0BE /* Module6.app */ = {isa = PBXFileReference; explicitFileType = wrapper.application; includeInIndex = 0; path = Module6.app; sourceTree = BUILT_PRODUCTS_DIR; };
		9836FCB72675E5AF00E2A0BE /* AppDelegate.swift */ = {isa = PBXFileReference; lastKnownFileType = sourcecode.swift; path = AppDelegate.swift; sourceTree = "<group>"; };
		9836FCB92675E5AF00E2A0BE /* SceneDelegate.swift */ = {isa = PBXFileReference; lastKnownFileType = sourcecode.swift; path = SceneDelegate.swift; sourceTree = "<group>"; };
		9836FCBB2675E5AF00E2A0BE /* ViewController.swift */ = {isa = PBXFileReference; lastKnownFileType = sourcecode.swift; path = ViewController.swift; sourceTree = "<group>"; };
		9836FCBE2675E5AF00E2A0BE /* Base */ = {isa = PBXFileReference; lastKnownFileType = file.storyboard; name = Base; path = Base.lproj/Main.storyboard; sourceTree = "<group>"; };
		9836FCC02675E5B100E2A0BE /* Assets.xcassets */ = {isa = PBXFileReference; lastKnownFileType = folder.assetcatalog; path = Assets.xcassets; sourceTree = "<group>"; };
		9836FCC32675E5B100E2A0BE /* Base */ = {isa = PBXFileReference; lastKnownFileType = file.storyboard; name = Base; path = Base.lproj/LaunchScreen.storyboard; sourceTree = "<group>"; };
		9836FCC52675E5B100E2A0BE /* Info.plist */ = {isa = PBXFileReference; lastKnownFileType = text.plist.xml; path = Info.plist; sourceTree = "<group>"; };
		9836FCCF267EF7AF00E2A0BE /* ViewControllerEnum.swift */ = {isa = PBXFileReference; lastKnownFileType = sourcecode.swift; path = ViewControllerEnum.swift; sourceTree = "<group>"; };
		98550AEA2681812000C2C9E0 /* file1.swift */ = {isa = PBXFileReference; lastKnownFileType = sourcecode.swift; path = file1.swift; sourceTree = "<group>"; };
		98550AEC2681825A00C2C9E0 /* file2.swift */ = {isa = PBXFileReference; lastKnownFileType = sourcecode.swift; path = file2.swift; sourceTree = "<group>"; };
		98550AEE26818BF800C2C9E0 /* GenericsViewController.swift */ = {isa = PBXFileReference; lastKnownFileType = sourcecode.swift; path = GenericsViewController.swift; sourceTree = "<group>"; };
		98550AF02682589D00C2C9E0 /* ViewControllertwo.swift */ = {isa = PBXFileReference; lastKnownFileType = sourcecode.swift; path = ViewControllertwo.swift; sourceTree = "<group>"; };
/* End PBXFileReference section */

/* Begin PBXFrameworksBuildPhase section */
		9836FCB12675E5AF00E2A0BE /* Frameworks */ = {
			isa = PBXFrameworksBuildPhase;
			buildActionMask = 2147483647;
			files = (
			);
			runOnlyForDeploymentPostprocessing = 0;
		};
/* End PBXFrameworksBuildPhase section */

/* Begin PBXGroup section */
		9836FCAB2675E5AF00E2A0BE = {
			isa = PBXGroup;
			children = (
				9836FCB62675E5AF00E2A0BE /* Module6 */,
				9836FCB52675E5AF00E2A0BE /* Products */,
			);
			sourceTree = "<group>";
		};
		9836FCB52675E5AF00E2A0BE /* Products */ = {
			isa = PBXGroup;
			children = (
				9836FCB42675E5AF00E2A0BE /* Module6.app */,
			);
			name = Products;
			sourceTree = "<group>";
		};
		9836FCB62675E5AF00E2A0BE /* Module6 */ = {
			isa = PBXGroup;
			children = (
				98550AE92681810F00C2C9E0 /* access control */,
				9836FCB72675E5AF00E2A0BE /* AppDelegate.swift */,
				9836FCB92675E5AF00E2A0BE /* SceneDelegate.swift */,
				9836FCBB2675E5AF00E2A0BE /* ViewController.swift */,
				9836FCCF267EF7AF00E2A0BE /* ViewControllerEnum.swift */,
				9810CFAB2680D6B2005B0CCF /* ViewControllerthree.swift */,
				98550AEE26818BF800C2C9E0 /* GenericsViewController.swift */,
				98550AF02682589D00C2C9E0 /* ViewControllertwo.swift */,
				9836FCBD2675E5AF00E2A0BE /* Main.storyboard */,
				9836FCC02675E5B100E2A0BE /* Assets.xcassets */,
				9836FCC22675E5B100E2A0BE /* LaunchScreen.storyboard */,
				9836FCC52675E5B100E2A0BE /* Info.plist */,
			);
			path = Module6;
			sourceTree = "<group>";
		};
		98550AE92681810F00C2C9E0 /* access control */ = {
			isa = PBXGroup;
			children = (
				98550AEA2681812000C2C9E0 /* file1.swift */,
				98550AEC2681825A00C2C9E0 /* file2.swift */,
			);
			path = "access control";
			sourceTree = "<group>";
		};
/* End PBXGroup section */

/* Begin PBXNativeTarget section */
		9836FCB32675E5AF00E2A0BE /* Module6 */ = {
			isa = PBXNativeTarget;
			buildConfigurationList = 9836FCC82675E5B100E2A0BE /* Build configuration list for PBXNativeTarget "Module6" */;
			buildPhases = (
				9836FCB02675E5AF00E2A0BE /* Sources */,
				9836FCB12675E5AF00E2A0BE /* Frameworks */,
				9836FCB22675E5AF00E2A0BE /* Resources */,
			);
			buildRules = (
			);
			dependencies = (
			);
			name = Module6;
			productName = Module6;
			productReference = 9836FCB42675E5AF00E2A0BE /* Module6.app */;
			productType = "com.apple.product-type.application";
		};
/* End PBXNativeTarget section */

/* Begin PBXProject section */
		9836FCAC2675E5AF00E2A0BE /* Project object */ = {
			isa = PBXProject;
			attributes = {
				LastSwiftUpdateCheck = 1250;
				LastUpgradeCheck = 1250;
				TargetAttributes = {
					9836FCB32675E5AF00E2A0BE = {
						CreatedOnToolsVersion = 12.5;
					};
				};
			};
			buildConfigurationList = 9836FCAF2675E5AF00E2A0BE /* Build configuration list for PBXProject "Module6" */;
			compatibilityVersion = "Xcode 9.3";
			developmentRegion = en;
			hasScannedForEncodings = 0;
			knownRegions = (
				en,
				Base,
			);
			mainGroup = 9836FCAB2675E5AF00E2A0BE;
			productRefGroup = 9836FCB52675E5AF00E2A0BE /* Products */;
			projectDirPath = "";
			projectRoot = "";
			targets = (
				9836FCB32675E5AF00E2A0BE /* Module6 */,
			);
		};
/* End PBXProject section */

/* Begin PBXResourcesBuildPhase section */
		9836FCB22675E5AF00E2A0BE /* Resources */ = {
			isa = PBXResourcesBuildPhase;
			buildActionMask = 2147483647;
			files = (
				9836FCC42675E5B100E2A0BE /* LaunchScreen.storyboard in Resources */,
				9836FCC12675E5B100E2A0BE /* Assets.xcassets in Resources */,
				9836FCBF2675E5AF00E2A0BE /* Main.storyboard in Resources */,
			);
			runOnlyForDeploymentPostprocessing = 0;
		};
/* End PBXResourcesBuildPhase section */

/* Begin PBXSourcesBuildPhase section */
		9836FCB02675E5AF00E2A0BE /* Sources */ = {
			isa = PBXSourcesBuildPhase;
			buildActionMask = 2147483647;
			files = (
				9836FCBC2675E5AF00E2A0BE /* ViewController.swift in Sources */,
				98550AEB2681812000C2C9E0 /* file1.swift in Sources */,
				9810CFAC2680D6B2005B0CCF /* ViewControllerthree.swift in Sources */,
				98550AF12682589D00C2C9E0 /* ViewControllertwo.swift in Sources */,
				9836FCB82675E5AF00E2A0BE /* AppDelegate.swift in Sources */,
				9836FCBA2675E5AF00E2A0BE /* SceneDelegate.swift in Sources */,
				9836FCD0267EF7AF00E2A0BE /* ViewControllerEnum.swift in Sources */,
				98550AEF26818BF800C2C9E0 /* GenericsViewController.swift in Sources */,
				98550AED2681825A00C2C9E0 /* file2.swift in Sources */,
			);
			runOnlyForDeploymentPostprocessing = 0;
		};
/* End PBXSourcesBuildPhase section */

/* Begin PBXVariantGroup section */
		9836FCBD2675E5AF00E2A0BE /* Main.storyboard */ = {
			isa = PBXVariantGroup;
			children = (
				9836FCBE2675E5AF00E2A0BE /* Base */,
			);
			name = Main.storyboard;
			sourceTree = "<group>";
		};
		9836FCC22675E5B100E2A0BE /* LaunchScreen.storyboard */ = {
			isa = PBXVariantGroup;
			children = (
				9836FCC32675E5B100E2A0BE /* Base */,
			);
			name = LaunchScreen.storyboard;
			sourceTree = "<group>";
		};
/* End PBXVariantGroup section */

/* Begin XCBuildConfiguration section */
		9836FCC62675E5B100E2A0BE /* Debug */ = {
			isa = XCBuildConfiguration;
			buildSettings = {
				ALWAYS_SEARCH_USER_PATHS = NO;
				CLANG_ANALYZER_NONNULL = YES;
				CLANG_ANALYZER_NUMBER_OBJECT_CONVERSION = YES_AGGRESSIVE;
				CLANG_CXX_LANGUAGE_STANDARD = "gnu++14";
				CLANG_CXX_LIBRARY = "libc++";
				CLANG_ENABLE_MODULES = YES;
				CLANG_ENABLE_OBJC_ARC = YES;
				CLANG_ENABLE_OBJC_WEAK = YES;
				CLANG_WARN_BLOCK_CAPTURE_AUTORELEASING = YES;
				CLANG_WARN_BOOL_CONVERSION = YES;
				CLANG_WARN_COMMA = YES;
				CLANG_WARN_CONSTANT_CONVERSION = YES;
				CLANG_WARN_DEPRECATED_OBJC_IMPLEMENTATIONS = YES;
				CLANG_WARN_DIRECT_OBJC_ISA_USAGE = YES_ERROR;
				CLANG_WARN_DOCUMENTATION_COMMENTS = YES;
				CLANG_WARN_EMPTY_BODY = YES;
				CLANG_WARN_ENUM_CONVERSION = YES;
				CLANG_WARN_INFINITE_RECURSION = YES;
				CLANG_WARN_INT_CONVERSION = YES;
				CLANG_WARN_NON_LITERAL_NULL_CONVERSION = YES;
				CLANG_WARN_OBJC_IMPLICIT_RETAIN_SELF = YES;
				CLANG_WARN_OBJC_LITERAL_CONVERSION = YES;
				CLANG_WARN_OBJC_ROOT_CLASS = YES_ERROR;
				CLANG_WARN_QUOTED_INCLUDE_IN_FRAMEWORK_HEADER = YES;
				CLANG_WARN_RANGE_LOOP_ANALYSIS = YES;
				CLANG_WARN_STRICT_PROTOTYPES = YES;
				CLANG_WARN_SUSPICIOUS_MOVE = YES;
				CLANG_WARN_UNGUARDED_AVAILABILITY = YES_AGGRESSIVE;
				CLANG_WARN_UNREACHABLE_CODE = YES;
				CLANG_WARN__DUPLICATE_METHOD_MATCH = YES;
				COPY_PHASE_STRIP = NO;
				DEBUG_INFORMATION_FORMAT = dwarf;
				ENABLE_STRICT_OBJC_MSGSEND = YES;
				ENABLE_TESTABILITY = YES;
				GCC_C_LANGUAGE_STANDARD = gnu11;
				GCC_DYNAMIC_NO_PIC = NO;
				GCC_NO_COMMON_BLOCKS = YES;
				GCC_OPTIMIZATION_LEVEL = 0;
				GCC_PREPROCESSOR_DEFINITIONS = (
					"DEBUG=1",
					"$(inherited)",
				);
				GCC_WARN_64_TO_32_BIT_CONVERSION = YES;
				GCC_WARN_ABOUT_RETURN_TYPE = YES_ERROR;
				GCC_WARN_UNDECLARED_SELECTOR = YES;
				GCC_WARN_UNINITIALIZED_AUTOS = YES_AGGRESSIVE;
				GCC_WARN_UNUSED_FUNCTION = YES;
				GCC_WARN_UNUSED_VARIABLE = YES;
				IPHONEOS_DEPLOYMENT_TARGET = 14.5;
				MTL_ENABLE_DEBUG_INFO = INCLUDE_SOURCE;
				MTL_FAST_MATH = YES;
				ONLY_ACTIVE_ARCH = YES;
				SDKROOT = iphoneos;
				SWIFT_ACTIVE_COMPILATION_CONDITIONS = DEBUG;
				SWIFT_OPTIMIZATION_LEVEL = "-Onone";
			};
			name = Debug;
		};
		9836FCC72675E5B100E2A0BE /* Release */ = {
			isa = XCBuildConfiguration;
			buildSettings = {
				ALWAYS_SEARCH_USER_PATHS = NO;
				CLANG_ANALYZER_NONNULL = YES;
				CLANG_ANALYZER_NUMBER_OBJECT_CONVERSION = YES_AGGRESSIVE;
				CLANG_CXX_LANGUAGE_STANDARD = "gnu++14";
				CLANG_CXX_LIBRARY = "libc++";
				CLANG_ENABLE_MODULES = YES;
				CLANG_ENABLE_OBJC_ARC = YES;
				CLANG_ENABLE_OBJC_WEAK = YES;
				CLANG_WARN_BLOCK_CAPTURE_AUTORELEASING = YES;
				CLANG_WARN_BOOL_CONVERSION = YES;
				CLANG_WARN_COMMA = YES;
				CLANG_WARN_CONSTANT_CONVERSION = YES;
				CLANG_WARN_DEPRECATED_OBJC_IMPLEMENTATIONS = YES;
				CLANG_WARN_DIRECT_OBJC_ISA_USAGE = YES_ERROR;
				CLANG_WARN_DOCUMENTATION_COMMENTS = YES;
				CLANG_WARN_EMPTY_BODY = YES;
				CLANG_WARN_ENUM_CONVERSION = YES;
				CLANG_WARN_INFINITE_RECURSION = YES;
				CLANG_WARN_INT_CONVERSION = YES;
				CLANG_WARN_NON_LITERAL_NULL_CONVERSION = YES;
				CLANG_WARN_OBJC_IMPLICIT_RETAIN_SELF = YES;
				CLANG_WARN_OBJC_LITERAL_CONVERSION = YES;
				CLANG_WARN_OBJC_ROOT_CLASS = YES_ERROR;
				CLANG_WARN_QUOTED_INCLUDE_IN_FRAMEWORK_HEADER = YES;
				CLANG_WARN_RANGE_LOOP_ANALYSIS = YES;
				CLANG_WARN_STRICT_PROTOTYPES = YES;
				CLANG_WARN_SUSPICIOUS_MOVE = YES;
				CLANG_WARN_UNGUARDED_AVAILABILITY = YES_AGGRESSIVE;
				CLANG_WARN_UNREACHABLE_CODE = YES;
				CLANG_WARN__DUPLICATE_METHOD_MATCH = YES;
				COPY_PHASE_STRIP = NO;
				DEBUG_INFORMATION_FORMAT = "dwarf-with-dsym";
				ENABLE_NS_ASSERTIONS = NO;
				ENABLE_STRICT_OBJC_MSGSEND = YES;
				GCC_C_LANGUAGE_STANDARD = gnu11;
				GCC_NO_COMMON_BLOCKS = YES;
				GCC_WARN_64_TO_32_BIT_CONVERSION = YES;
				GCC_WARN_ABOUT_RETURN_TYPE = YES_ERROR;
				GCC_WARN_UNDECLARED_SELECTOR = YES;
				GCC_WARN_UNINITIALIZED_AUTOS = YES_AGGRESSIVE;
				GCC_WARN_UNUSED_FUNCTION = YES;
				GCC_WARN_UNUSED_VARIABLE = YES;
				IPHONEOS_DEPLOYMENT_TARGET = 14.5;
				MTL_ENABLE_DEBUG_INFO = NO;
				MTL_FAST_MATH = YES;
				SDKROOT = iphoneos;
				SWIFT_COMPILATION_MODE = wholemodule;
				SWIFT_OPTIMIZATION_LEVEL = "-O";
				VALIDATE_PRODUCT = YES;
			};
			name = Release;
		};
		9836FCC92675E5B100E2A0BE /* Debug */ = {
			isa = XCBuildConfiguration;
			buildSettings = {
				ASSETCATALOG_COMPILER_APPICON_NAME = AppIcon;
				ASSETCATALOG_COMPILER_GLOBAL_ACCENT_COLOR_NAME = AccentColor;
				CODE_SIGN_STYLE = Automatic;
				DEVELOPMENT_TEAM = W89N8ZRY2L;
				INFOPLIST_FILE = Module6/Info.plist;
				LD_RUNPATH_SEARCH_PATHS = (
					"$(inherited)",
					"@executable_path/Frameworks",
				);
				PRODUCT_BUNDLE_IDENTIFIER = com.padc.Module6;
				PRODUCT_NAME = "$(TARGET_NAME)";
				SWIFT_VERSION = 5.0;
				TARGETED_DEVICE_FAMILY = "1,2";
			};
			name = Debug;
		};
		9836FCCA2675E5B100E2A0BE /* Release */ = {
			isa = XCBuildConfiguration;
			buildSettings = {
				ASSETCATALOG_COMPILER_APPICON_NAME = AppIcon;
				ASSETCATALOG_COMPILER_GLOBAL_ACCENT_COLOR_NAME = AccentColor;
				CODE_SIGN_STYLE = Automatic;
				DEVELOPMENT_TEAM = W89N8ZRY2L;
				INFOPLIST_FILE = Module6/Info.plist;
				LD_RUNPATH_SEARCH_PATHS = (
					"$(inherited)",
					"@executable_path/Frameworks",
				);
				PRODUCT_BUNDLE_IDENTIFIER = com.padc.Module6;
				PRODUCT_NAME = "$(TARGET_NAME)";
				SWIFT_VERSION = 5.0;
				TARGETED_DEVICE_FAMILY = "1,2";
			};
			name = Release;
		};
/* End XCBuildConfiguration section */

/* Begin XCConfigurationList section */
		9836FCAF2675E5AF00E2A0BE /* Build configuration list for PBXProject "Module6" */ = {
			isa = XCConfigurationList;
			buildConfigurations = (
				9836FCC62675E5B100E2A0BE /* Debug */,
				9836FCC72675E5B100E2A0BE /* Release */,
			);
			defaultConfigurationIsVisible = 0;
			defaultConfigurationName = Release;
		};
		9836FCC82675E5B100E2A0BE /* Build configuration list for PBXNativeTarget "Module6" */ = {
			isa = XCConfigurationList;
			buildConfigurations = (
				9836FCC92675E5B100E2A0BE /* Debug */,
				9836FCCA2675E5B100E2A0BE /* Release */,
			);
			defaultConfigurationIsVisible = 0;
			defaultConfigurationName = Release;
		};
/* End XCConfigurationList section */
	};
	rootObject = 9836FCAC2675E5AF00E2A0BE /* Project object */;
}
